
Microsoft Visual Studio Solution File, Format Version 12.00
# Visual Studio Version 17
VisualStudioVersion = 17.8.34322.80
MinimumVisualStudioVersion = 10.0.40219.1
Project("{FAE04EC0-301F-11D3-BF4B-00C04F79EFBC}") = "MVCWebapp", "MVCWebapp\MVCWebapp.csproj", "{0B077E7D-BF7B-42A3-86D1-D7E96B95379B}"
EndProject
Global
	GlobalSection(SolutionConfigurationPlatforms) = preSolution
		Debug|Any CPU = Debug|Any CPU
		Release|Any CPU = Release|Any CPU
	EndGlobalSection
	GlobalSection(ProjectConfigurationPlatforms) = postSolution
		{0B077E7D-BF7B-42A3-86D1-D7E96B95379B}.Debug|Any CPU.ActiveCfg = Debug|Any CPU
		{0B077E7D-BF7B-42A3-86D1-D7E96B95379B}.Debug|Any CPU.Build.0 = Debug|Any CPU
		{0B077E7D-BF7B-42A3-86D1-D7E96B95379B}.Release|Any CPU.ActiveCfg = Release|Any CPU
		{0B077E7D-BF7B-42A3-86D1-D7E96B95379B}.Release|Any CPU.Build.0 = Release|Any CPU
	EndGlobalSection
	GlobalSection(SolutionProperties) = preSolution
		HideSolutionNode = FALSE
	EndGlobalSection
	GlobalSection(ExtensibilityGlobals) = postSolution
		SolutionGuid = {A477AEA4-AB2C-4B64-9038-16DA7AC7485E}
	EndGlobalSection
EndGlobal
